
Microsoft Visual Studio Solution File, Format Version 12.00
# Visual Studio Version 16
VisualStudioVersion = 16.0.29411.108
MinimumVisualStudioVersion = 10.0.40219.1
Project("{FAE04EC0-301F-11D3-BF4B-00C04F79EFBC}") = "bps-patch", "bps-patch\bps-patch.csproj", "{E9D998B2-03C8-416C-A7DA-02348BA57E8D}"
EndProject
Global
	GlobalSection(SolutionConfigurationPlatforms) = preSolution
		Debug|Any CPU = Debug|Any CPU
		Release|Any CPU = Release|Any CPU
	EndGlobalSection
	GlobalSection(ProjectConfigurationPlatforms) = postSolution
		{E9D998B2-03C8-416C-A7DA-02348BA57E8D}.Debug|Any CPU.ActiveCfg = Debug|Any CPU
		{E9D998B2-03C8-416C-A7DA-02348BA57E8D}.Debug|Any CPU.Build.0 = Debug|Any CPU
		{E9D998B2-03C8-416C-A7DA-02348BA57E8D}.Release|Any CPU.ActiveCfg = Release|Any CPU
		{E9D998B2-03C8-416C-A7DA-02348BA57E8D}.Release|Any CPU.Build.0 = Release|Any CPU
	EndGlobalSection
	GlobalSection(SolutionProperties) = preSolution
		HideSolutionNode = FALSE
	EndGlobalSection
	GlobalSection(ExtensibilityGlobals) = postSolution
		SolutionGuid = {49163B74-2364-4123-A311-1B655FA0C49D}
	EndGlobalSection
EndGlobal
